// !$*UTF8*$!
{
	archiveVersion = 1;
	classes = {
	};
	objectVersion = 56;
	objects = {

/* Begin PBXBuildFile section */
		96FEB32D2972CE0B00B07E30 /* AppDelegate.swift in Sources */ = {isa = PBXBuildFile; fileRef = 96FEB32C2972CE0B00B07E30 /* AppDelegate.swift */; };
		96FEB32F2972CE0B00B07E30 /* SceneDelegate.swift in Sources */ = {isa = PBXBuildFile; fileRef = 96FEB32E2972CE0B00B07E30 /* SceneDelegate.swift */; };
		96FEB3342972CE0B00B07E30 /* Main.storyboard in Resources */ = {isa = PBXBuildFile; fileRef = 96FEB3322972CE0B00B07E30 /* Main.storyboard */; };
		96FEB3362972CE1000B07E30 /* Assets.xcassets in Resources */ = {isa = PBXBuildFile; fileRef = 96FEB3352972CE1000B07E30 /* Assets.xcassets */; };
		96FEB3392972CE1000B07E30 /* LaunchScreen.storyboard in Resources */ = {isa = PBXBuildFile; fileRef = 96FEB3372972CE1000B07E30 /* LaunchScreen.storyboard */; };
		96FEB3442972CF1A00B07E30 /* Realm in Frameworks */ = {isa = PBXBuildFile; productRef = 96FEB3432972CF1A00B07E30 /* Realm */; };
		96FEB3462972CF1A00B07E30 /* RealmSwift in Frameworks */ = {isa = PBXBuildFile; productRef = 96FEB3452972CF1A00B07E30 /* RealmSwift */; };
		96FEB3492972D09300B07E30 /* TaskListViewController.swift in Sources */ = {isa = PBXBuildFile; fileRef = 96FEB3482972D09300B07E30 /* TaskListViewController.swift */; };
/* End PBXBuildFile section */

/* Begin PBXFileReference section */
		96FEB3292972CE0B00B07E30 /* Realms.app */ = {isa = PBXFileReference; explicitFileType = wrapper.application; includeInIndex = 0; path = Realms.app; sourceTree = BUILT_PRODUCTS_DIR; };
		96FEB32C2972CE0B00B07E30 /* AppDelegate.swift */ = {isa = PBXFileReference; lastKnownFileType = sourcecode.swift; path = AppDelegate.swift; sourceTree = "<group>"; };
		96FEB32E2972CE0B00B07E30 /* SceneDelegate.swift */ = {isa = PBXFileReference; lastKnownFileType = sourcecode.swift; path = SceneDelegate.swift; sourceTree = "<group>"; };
		96FEB3332972CE0B00B07E30 /* Base */ = {isa = PBXFileReference; lastKnownFileType = file.storyboard; name = Base; path = Base.lproj/Main.storyboard; sourceTree = "<group>"; };
		96FEB3352972CE1000B07E30 /* Assets.xcassets */ = {isa = PBXFileReference; lastKnownFileType = folder.assetcatalog; path = Assets.xcassets; sourceTree = "<group>"; };
		96FEB3382972CE1000B07E30 /* Base */ = {isa = PBXFileReference; lastKnownFileType = file.storyboard; name = Base; path = Base.lproj/LaunchScreen.storyboard; sourceTree = "<group>"; };
		96FEB33A2972CE1000B07E30 /* Info.plist */ = {isa = PBXFileReference; lastKnownFileType = text.plist.xml; path = Info.plist; sourceTree = "<group>"; };
		96FEB3482972D09300B07E30 /* TaskListViewController.swift */ = {isa = PBXFileReference; lastKnownFileType = sourcecode.swift; path = TaskListViewController.swift; sourceTree = "<group>"; };
/* End PBXFileReference section */

/* Begin PBXFrameworksBuildPhase section */
		96FEB3262972CE0B00B07E30 /* Frameworks */ = {
			isa = PBXFrameworksBuildPhase;
			buildActionMask = 2147483647;
			files = (
				96FEB3462972CF1A00B07E30 /* RealmSwift in Frameworks */,
				96FEB3442972CF1A00B07E30 /* Realm in Frameworks */,
			);
			runOnlyForDeploymentPostprocessing = 0;
		};
/* End PBXFrameworksBuildPhase section */

/* Begin PBXGroup section */
		96FEB3202972CE0B00B07E30 = {
			isa = PBXGroup;
			children = (
				96FEB32B2972CE0B00B07E30 /* Realms */,
				96FEB32A2972CE0B00B07E30 /* Products */,
			);
			sourceTree = "<group>";
		};
		96FEB32A2972CE0B00B07E30 /* Products */ = {
			isa = PBXGroup;
			children = (
				96FEB3292972CE0B00B07E30 /* Realms.app */,
			);
			name = Products;
			sourceTree = "<group>";
		};
		96FEB32B2972CE0B00B07E30 /* Realms */ = {
			isa = PBXGroup;
			children = (
				96FEB34B2972D0F400B07E30 /* Controllers */,
				96FEB34A2972D0D600B07E30 /* Views */,
				96FEB3352972CE1000B07E30 /* Assets.xcassets */,
				96FEB3472972CFA500B07E30 /* Delegates */,
				96FEB33A2972CE1000B07E30 /* Info.plist */,
			);
			path = Realms;
			sourceTree = "<group>";
		};
		96FEB3472972CFA500B07E30 /* Delegates */ = {
			isa = PBXGroup;
			children = (
				96FEB32C2972CE0B00B07E30 /* AppDelegate.swift */,
				96FEB32E2972CE0B00B07E30 /* SceneDelegate.swift */,
			);
			path = Delegates;
			sourceTree = "<group>";
		};
		96FEB34A2972D0D600B07E30 /* Views */ = {
			isa = PBXGroup;
			children = (
				96FEB3322972CE0B00B07E30 /* Main.storyboard */,
				96FEB3372972CE1000B07E30 /* LaunchScreen.storyboard */,
			);
			path = Views;
			sourceTree = "<group>";
		};
		96FEB34B2972D0F400B07E30 /* Controllers */ = {
			isa = PBXGroup;
			children = (
				96FEB3482972D09300B07E30 /* TaskListViewController.swift */,
			);
			path = Controllers;
			sourceTree = "<group>";
		};
/* End PBXGroup section */

/* Begin PBXNativeTarget section */
		96FEB3282972CE0B00B07E30 /* Realms */ = {
			isa = PBXNativeTarget;
			buildConfigurationList = 96FEB33D2972CE1000B07E30 /* Build configuration list for PBXNativeTarget "Realms" */;
			buildPhases = (
				96FEB3252972CE0B00B07E30 /* Sources */,
				96FEB3262972CE0B00B07E30 /* Frameworks */,
				96FEB3272972CE0B00B07E30 /* Resources */,
			);
			buildRules = (
			);
			dependencies = (
			);
			name = Realms;
			packageProductDependencies = (
				96FEB3432972CF1A00B07E30 /* Realm */,
				96FEB3452972CF1A00B07E30 /* RealmSwift */,
			);
			productName = Realms;
			productReference = 96FEB3292972CE0B00B07E30 /* Realms.app */;
			productType = "com.apple.product-type.application";
		};
/* End PBXNativeTarget section */

/* Begin PBXProject section */
		96FEB3212972CE0B00B07E30 /* Project object */ = {
			isa = PBXProject;
			attributes = {
				BuildIndependentTargetsInParallel = 1;
				LastSwiftUpdateCheck = 1420;
				LastUpgradeCheck = 1420;
				TargetAttributes = {
					96FEB3282972CE0B00B07E30 = {
						CreatedOnToolsVersion = 14.2;
					};
				};
			};
			buildConfigurationList = 96FEB3242972CE0B00B07E30 /* Build configuration list for PBXProject "Realms" */;
			compatibilityVersion = "Xcode 14.0";
			developmentRegion = en;
			hasScannedForEncodings = 0;
			knownRegions = (
				en,
				Base,
			);
			mainGroup = 96FEB3202972CE0B00B07E30;
			packageReferences = (
				96FEB3422972CF1A00B07E30 /* XCRemoteSwiftPackageReference "realm-swift" */,
			);
			productRefGroup = 96FEB32A2972CE0B00B07E30 /* Products */;
			projectDirPath = "";
			projectRoot = "";
			targets = (
				96FEB3282972CE0B00B07E30 /* Realms */,
			);
		};
/* End PBXProject section */

/* Begin PBXResourcesBuildPhase section */
		96FEB3272972CE0B00B07E30 /* Resources */ = {
			isa = PBXResourcesBuildPhase;
			buildActionMask = 2147483647;
			files = (
				96FEB3392972CE1000B07E30 /* LaunchScreen.storyboard in Resources */,
				96FEB3362972CE1000B07E30 /* Assets.xcassets in Resources */,
				96FEB3342972CE0B00B07E30 /* Main.storyboard in Resources */,
			);
			runOnlyForDeploymentPostprocessing = 0;
		};
/* End PBXResourcesBuildPhase section */

/* Begin PBXSourcesBuildPhase section */
		96FEB3252972CE0B00B07E30 /* Sources */ = {
			isa = PBXSourcesBuildPhase;
			buildActionMask = 2147483647;
			files = (
				96FEB3492972D09300B07E30 /* TaskListViewController.swift in Sources */,
				96FEB32D2972CE0B00B07E30 /* AppDelegate.swift in Sources */,
				96FEB32F2972CE0B00B07E30 /* SceneDelegate.swift in Sources */,
			);
			runOnlyForDeploymentPostprocessing = 0;
		};
/* End PBXSourcesBuildPhase section */

/* Begin PBXVariantGroup section */
		96FEB3322972CE0B00B07E30 /* Main.storyboard */ = {
			isa = PBXVariantGroup;
			children = (
				96FEB3332972CE0B00B07E30 /* Base */,
			);
			name = Main.storyboard;
			sourceTree = "<group>";
		};
		96FEB3372972CE1000B07E30 /* LaunchScreen.storyboard */ = {
			isa = PBXVariantGroup;
			children = (
				96FEB3382972CE1000B07E30 /* Base */,
			);
			name = LaunchScreen.storyboard;
			sourceTree = "<group>";
		};
/* End PBXVariantGroup section */

/* Begin XCBuildConfiguration section */
		96FEB33B2972CE1000B07E30 /* Debug */ = {
			isa = XCBuildConfiguration;
			buildSettings = {
				ALWAYS_SEARCH_USER_PATHS = NO;
				CLANG_ANALYZER_NONNULL = YES;
				CLANG_ANALYZER_NUMBER_OBJECT_CONVERSION = YES_AGGRESSIVE;
				CLANG_CXX_LANGUAGE_STANDARD = "gnu++20";
				CLANG_ENABLE_MODULES = YES;
				CLANG_ENABLE_OBJC_ARC = YES;
				CLANG_ENABLE_OBJC_WEAK = YES;
				CLANG_WARN_BLOCK_CAPTURE_AUTORELEASING = YES;
				CLANG_WARN_BOOL_CONVERSION = YES;
				CLANG_WARN_COMMA = YES;
				CLANG_WARN_CONSTANT_CONVERSION = YES;
				CLANG_WARN_DEPRECATED_OBJC_IMPLEMENTATIONS = YES;
				CLANG_WARN_DIRECT_OBJC_ISA_USAGE = YES_ERROR;
				CLANG_WARN_DOCUMENTATION_COMMENTS = YES;
				CLANG_WARN_EMPTY_BODY = YES;
				CLANG_WARN_ENUM_CONVERSION = YES;
				CLANG_WARN_INFINITE_RECURSION = YES;
				CLANG_WARN_INT_CONVERSION = YES;
				CLANG_WARN_NON_LITERAL_NULL_CONVERSION = YES;
				CLANG_WARN_OBJC_IMPLICIT_RETAIN_SELF = YES;
				CLANG_WARN_OBJC_LITERAL_CONVERSION = YES;
				CLANG_WARN_OBJC_ROOT_CLASS = YES_ERROR;
				CLANG_WARN_QUOTED_INCLUDE_IN_FRAMEWORK_HEADER = YES;
				CLANG_WARN_RANGE_LOOP_ANALYSIS = YES;
				CLANG_WARN_STRICT_PROTOTYPES = YES;
				CLANG_WARN_SUSPICIOUS_MOVE = YES;
				CLANG_WARN_UNGUARDED_AVAILABILITY = YES_AGGRESSIVE;
				CLANG_WARN_UNREACHABLE_CODE = YES;
				CLANG_WARN__DUPLICATE_METHOD_MATCH = YES;
				COPY_PHASE_STRIP = NO;
				DEBUG_INFORMATION_FORMAT = dwarf;
				ENABLE_STRICT_OBJC_MSGSEND = YES;
				ENABLE_TESTABILITY = YES;
				GCC_C_LANGUAGE_STANDARD = gnu11;
				GCC_DYNAMIC_NO_PIC = NO;
				GCC_NO_COMMON_BLOCKS = YES;
				GCC_OPTIMIZATION_LEVEL = 0;
				GCC_PREPROCESSOR_DEFINITIONS = (
					"DEBUG=1",
					"$(inherited)",
				);
				GCC_WARN_64_TO_32_BIT_CONVERSION = YES;
				GCC_WARN_ABOUT_RETURN_TYPE = YES_ERROR;
				GCC_WARN_UNDECLARED_SELECTOR = YES;
				GCC_WARN_UNINITIALIZED_AUTOS = YES_AGGRESSIVE;
				GCC_WARN_UNUSED_FUNCTION = YES;
				GCC_WARN_UNUSED_VARIABLE = YES;
				IPHONEOS_DEPLOYMENT_TARGET = 16.2;
				MTL_ENABLE_DEBUG_INFO = INCLUDE_SOURCE;
				MTL_FAST_MATH = YES;
				ONLY_ACTIVE_ARCH = YES;
				SDKROOT = iphoneos;
				SWIFT_ACTIVE_COMPILATION_CONDITIONS = DEBUG;
				SWIFT_OPTIMIZATION_LEVEL = "-Onone";
			};
			name = Debug;
		};
		96FEB33C2972CE1000B07E30 /* Release */ = {
			isa = XCBuildConfiguration;
			buildSettings = {
				ALWAYS_SEARCH_USER_PATHS = NO;
				CLANG_ANALYZER_NONNULL = YES;
				CLANG_ANALYZER_NUMBER_OBJECT_CONVERSION = YES_AGGRESSIVE;
				CLANG_CXX_LANGUAGE_STANDARD = "gnu++20";
				CLANG_ENABLE_MODULES = YES;
				CLANG_ENABLE_OBJC_ARC = YES;
				CLANG_ENABLE_OBJC_WEAK = YES;
				CLANG_WARN_BLOCK_CAPTURE_AUTORELEASING = YES;
				CLANG_WARN_BOOL_CONVERSION = YES;
				CLANG_WARN_COMMA = YES;
				CLANG_WARN_CONSTANT_CONVERSION = YES;
				CLANG_WARN_DEPRECATED_OBJC_IMPLEMENTATIONS = YES;
				CLANG_WARN_DIRECT_OBJC_ISA_USAGE = YES_ERROR;
				CLANG_WARN_DOCUMENTATION_COMMENTS = YES;
				CLANG_WARN_EMPTY_BODY = YES;
				CLANG_WARN_ENUM_CONVERSION = YES;
				CLANG_WARN_INFINITE_RECURSION = YES;
				CLANG_WARN_INT_CONVERSION = YES;
				CLANG_WARN_NON_LITERAL_NULL_CONVERSION = YES;
				CLANG_WARN_OBJC_IMPLICIT_RETAIN_SELF = YES;
				CLANG_WARN_OBJC_LITERAL_CONVERSION = YES;
				CLANG_WARN_OBJC_ROOT_CLASS = YES_ERROR;
				CLANG_WARN_QUOTED_INCLUDE_IN_FRAMEWORK_HEADER = YES;
				CLANG_WARN_RANGE_LOOP_ANALYSIS = YES;
				CLANG_WARN_STRICT_PROTOTYPES = YES;
				CLANG_WARN_SUSPICIOUS_MOVE = YES;
				CLANG_WARN_UNGUARDED_AVAILABILITY = YES_AGGRESSIVE;
				CLANG_WARN_UNREACHABLE_CODE = YES;
				CLANG_WARN__DUPLICATE_METHOD_MATCH = YES;
				COPY_PHASE_STRIP = NO;
				DEBUG_INFORMATION_FORMAT = "dwarf-with-dsym";
				ENABLE_NS_ASSERTIONS = NO;
				ENABLE_STRICT_OBJC_MSGSEND = YES;
				GCC_C_LANGUAGE_STANDARD = gnu11;
				GCC_NO_COMMON_BLOCKS = YES;
				GCC_WARN_64_TO_32_BIT_CONVERSION = YES;
				GCC_WARN_ABOUT_RETURN_TYPE = YES_ERROR;
				GCC_WARN_UNDECLARED_SELECTOR = YES;
				GCC_WARN_UNINITIALIZED_AUTOS = YES_AGGRESSIVE;
				GCC_WARN_UNUSED_FUNCTION = YES;
				GCC_WARN_UNUSED_VARIABLE = YES;
				IPHONEOS_DEPLOYMENT_TARGET = 16.2;
				MTL_ENABLE_DEBUG_INFO = NO;
				MTL_FAST_MATH = YES;
				SDKROOT = iphoneos;
				SWIFT_COMPILATION_MODE = wholemodule;
				SWIFT_OPTIMIZATION_LEVEL = "-O";
				VALIDATE_PRODUCT = YES;
			};
			name = Release;
		};
		96FEB33E2972CE1000B07E30 /* Debug */ = {
			isa = XCBuildConfiguration;
			buildSettings = {
				ASSETCATALOG_COMPILER_APPICON_NAME = AppIcon;
				ASSETCATALOG_COMPILER_GLOBAL_ACCENT_COLOR_NAME = AccentColor;
				CODE_SIGN_STYLE = Automatic;
				CURRENT_PROJECT_VERSION = 1;
				DEVELOPMENT_TEAM = T7GV2BL9LD;
				GENERATE_INFOPLIST_FILE = YES;
				INFOPLIST_FILE = Realms/Info.plist;
				INFOPLIST_KEY_UIApplicationSupportsIndirectInputEvents = YES;
				INFOPLIST_KEY_UILaunchStoryboardName = LaunchScreen;
				INFOPLIST_KEY_UIMainStoryboardFile = Main;
				INFOPLIST_KEY_UISupportedInterfaceOrientations_iPad = "UIInterfaceOrientationPortrait UIInterfaceOrientationPortraitUpsideDown UIInterfaceOrientationLandscapeLeft UIInterfaceOrientationLandscapeRight";
				INFOPLIST_KEY_UISupportedInterfaceOrientations_iPhone = "UIInterfaceOrientationPortrait UIInterfaceOrientationLandscapeLeft UIInterfaceOrientationLandscapeRight";
				LD_RUNPATH_SEARCH_PATHS = (
					"$(inherited)",
					"@executable_path/Frameworks",
				);
				MARKETING_VERSION = 1.0;
				PRODUCT_BUNDLE_IDENTIFIER = homeWork.Realms;
				PRODUCT_NAME = "$(TARGET_NAME)";
				SWIFT_EMIT_LOC_STRINGS = YES;
				SWIFT_VERSION = 5.0;
				TARGETED_DEVICE_FAMILY = "1,2";
			};
			name = Debug;
		};
		96FEB33F2972CE1000B07E30 /* Release */ = {
			isa = XCBuildConfiguration;
			buildSettings = {
				ASSETCATALOG_COMPILER_APPICON_NAME = AppIcon;
				ASSETCATALOG_COMPILER_GLOBAL_ACCENT_COLOR_NAME = AccentColor;
				CODE_SIGN_STYLE = Automatic;
				CURRENT_PROJECT_VERSION = 1;
				DEVELOPMENT_TEAM = T7GV2BL9LD;
				GENERATE_INFOPLIST_FILE = YES;
				INFOPLIST_FILE = Realms/Info.plist;
				INFOPLIST_KEY_UIApplicationSupportsIndirectInputEvents = YES;
				INFOPLIST_KEY_UILaunchStoryboardName = LaunchScreen;
				INFOPLIST_KEY_UIMainStoryboardFile = Main;
				INFOPLIST_KEY_UISupportedInterfaceOrientations_iPad = "UIInterfaceOrientationPortrait UIInterfaceOrientationPortraitUpsideDown UIInterfaceOrientationLandscapeLeft UIInterfaceOrientationLandscapeRight";
				INFOPLIST_KEY_UISupportedInterfaceOrientations_iPhone = "UIInterfaceOrientationPortrait UIInterfaceOrientationLandscapeLeft UIInterfaceOrientationLandscapeRight";
				LD_RUNPATH_SEARCH_PATHS = (
					"$(inherited)",
					"@executable_path/Frameworks",
				);
				MARKETING_VERSION = 1.0;
				PRODUCT_BUNDLE_IDENTIFIER = homeWork.Realms;
				PRODUCT_NAME = "$(TARGET_NAME)";
				SWIFT_EMIT_LOC_STRINGS = YES;
				SWIFT_VERSION = 5.0;
				TARGETED_DEVICE_FAMILY = "1,2";
			};
			name = Release;
		};
/* End XCBuildConfiguration section */

/* Begin XCConfigurationList section */
		96FEB3242972CE0B00B07E30 /* Build configuration list for PBXProject "Realms" */ = {
			isa = XCConfigurationList;
			buildConfigurations = (
				96FEB33B2972CE1000B07E30 /* Debug */,
				96FEB33C2972CE1000B07E30 /* Release */,
			);
			defaultConfigurationIsVisible = 0;
			defaultConfigurationName = Release;
		};
		96FEB33D2972CE1000B07E30 /* Build configuration list for PBXNativeTarget "Realms" */ = {
			isa = XCConfigurationList;
			buildConfigurations = (
				96FEB33E2972CE1000B07E30 /* Debug */,
				96FEB33F2972CE1000B07E30 /* Release */,
			);
			defaultConfigurationIsVisible = 0;
			defaultConfigurationName = Release;
		};
/* End XCConfigurationList section */

/* Begin XCRemoteSwiftPackageReference section */
		96FEB3422972CF1A00B07E30 /* XCRemoteSwiftPackageReference "realm-swift" */ = {
			isa = XCRemoteSwiftPackageReference;
			repositoryURL = "https://github.com/realm/realm-swift.git";
			requirement = {
				kind = upToNextMajorVersion;
				minimumVersion = 10.34.0;
			};
		};
/* End XCRemoteSwiftPackageReference section */

/* Begin XCSwiftPackageProductDependency section */
		96FEB3432972CF1A00B07E30 /* Realm */ = {
			isa = XCSwiftPackageProductDependency;
			package = 96FEB3422972CF1A00B07E30 /* XCRemoteSwiftPackageReference "realm-swift" */;
			productName = Realm;
		};
		96FEB3452972CF1A00B07E30 /* RealmSwift */ = {
			isa = XCSwiftPackageProductDependency;
			package = 96FEB3422972CF1A00B07E30 /* XCRemoteSwiftPackageReference "realm-swift" */;
			productName = RealmSwift;
		};
/* End XCSwiftPackageProductDependency section */
	};
	rootObject = 96FEB3212972CE0B00B07E30 /* Project object */;
}
